// !$*UTF8*$!
{
	archiveVersion = 1;
	classes = {
	};
	objectVersion = 46;
	objects = {

/* Begin PBXBuildFile section */
		5AF068141D77654400FA7FEF /* AppDelegate.swift in Sources */ = {isa = PBXBuildFile; fileRef = 5AF068131D77654400FA7FEF /* AppDelegate.swift */; };
		5AF068161D77654400FA7FEF /* MainViewController.swift in Sources */ = {isa = PBXBuildFile; fileRef = 5AF068151D77654400FA7FEF /* MainViewController.swift */; };
		5AF068191D77654400FA7FEF /* Main.storyboard in Resources */ = {isa = PBXBuildFile; fileRef = 5AF068171D77654400FA7FEF /* Main.storyboard */; };
		5AF0681B1D77654400FA7FEF /* Assets.xcassets in Resources */ = {isa = PBXBuildFile; fileRef = 5AF0681A1D77654400FA7FEF /* Assets.xcassets */; };
		5AF0681E1D77654400FA7FEF /* LaunchScreen.storyboard in Resources */ = {isa = PBXBuildFile; fileRef = 5AF0681C1D77654400FA7FEF /* LaunchScreen.storyboard */; };
		5AF068261D77660800FA7FEF /* Snake.swift in Sources */ = {isa = PBXBuildFile; fileRef = 5AF068251D77660800FA7FEF /* Snake.swift */; };
		5AF068281D77661200FA7FEF /* SnakeView.swift in Sources */ = {isa = PBXBuildFile; fileRef = 5AF068271D77661200FA7FEF /* SnakeView.swift */; };
/* End PBXBuildFile section */

/* Begin PBXFileReference section */
		5AF068101D77654400FA7FEF /* SnakeGame.app */ = {isa = PBXFileReference; explicitFileType = wrapper.application; includeInIndex = 0; path = SnakeGame.app; sourceTree = BUILT_PRODUCTS_DIR; };
		5AF068131D77654400FA7FEF /* AppDelegate.swift */ = {isa = PBXFileReference; lastKnownFileType = sourcecode.swift; path = AppDelegate.swift; sourceTree = "<group>"; };
		5AF068151D77654400FA7FEF /* MainViewController.swift */ = {isa = PBXFileReference; lastKnownFileType = sourcecode.swift; path = MainViewController.swift; sourceTree = "<group>"; };
		5AF068181D77654400FA7FEF /* Base */ = {isa = PBXFileReference; lastKnownFileType = file.storyboard; name = Base; path = Base.lproj/Main.storyboard; sourceTree = "<group>"; };
		5AF0681A1D77654400FA7FEF /* Assets.xcassets */ = {isa = PBXFileReference; lastKnownFileType = folder.assetcatalog; path = Assets.xcassets; sourceTree = "<group>"; };
		5AF0681D1D77654400FA7FEF /* Base */ = {isa = PBXFileReference; lastKnownFileType = file.storyboard; name = Base; path = Base.lproj/LaunchScreen.storyboard; sourceTree = "<group>"; };
		5AF0681F1D77654400FA7FEF /* Info.plist */ = {isa = PBXFileReference; lastKnownFileType = text.plist.xml; path = Info.plist; sourceTree = "<group>"; };
		5AF068251D77660800FA7FEF /* Snake.swift */ = {isa = PBXFileReference; fileEncoding = 4; lastKnownFileType = sourcecode.swift; path = Snake.swift; sourceTree = "<group>"; };
		5AF068271D77661200FA7FEF /* SnakeView.swift */ = {isa = PBXFileReference; fileEncoding = 4; lastKnownFileType = sourcecode.swift; path = SnakeView.swift; sourceTree = "<group>"; };
/* End PBXFileReference section */

/* Begin PBXFrameworksBuildPhase section */
		5AF0680D1D77654400FA7FEF /* Frameworks */ = {
			isa = PBXFrameworksBuildPhase;
			buildActionMask = 2147483647;
			files = (
			);
			runOnlyForDeploymentPostprocessing = 0;
		};
/* End PBXFrameworksBuildPhase section */

/* Begin PBXGroup section */
		5AF068071D77654400FA7FEF = {
			isa = PBXGroup;
			children = (
				5AF068121D77654400FA7FEF /* SnakeGame */,
				5AF068111D77654400FA7FEF /* Products */,
			);
			sourceTree = "<group>";
		};
		5AF068111D77654400FA7FEF /* Products */ = {
			isa = PBXGroup;
			children = (
				5AF068101D77654400FA7FEF /* SnakeGame.app */,
			);
			name = Products;
			sourceTree = "<group>";
		};
		5AF068121D77654400FA7FEF /* SnakeGame */ = {
			isa = PBXGroup;
			children = (
				5AF068131D77654400FA7FEF /* AppDelegate.swift */,
				5AF068151D77654400FA7FEF /* MainViewController.swift */,
				5AF068251D77660800FA7FEF /* Snake.swift */,
				5AF068271D77661200FA7FEF /* SnakeView.swift */,
				5AF068171D77654400FA7FEF /* Main.storyboard */,
				5AF0681A1D77654400FA7FEF /* Assets.xcassets */,
				5AF0681C1D77654400FA7FEF /* LaunchScreen.storyboard */,
				5AF0681F1D77654400FA7FEF /* Info.plist */,
			);
			path = SnakeGame;
			sourceTree = "<group>";
		};
/* End PBXGroup section */

/* Begin PBXNativeTarget section */
		5AF0680F1D77654400FA7FEF /* SnakeGame */ = {
			isa = PBXNativeTarget;
			buildConfigurationList = 5AF068221D77654400FA7FEF /* Build configuration list for PBXNativeTarget "SnakeGame" */;
			buildPhases = (
				5AF0680C1D77654400FA7FEF /* Sources */,
				5AF0680D1D77654400FA7FEF /* Frameworks */,
				5AF0680E1D77654400FA7FEF /* Resources */,
			);
			buildRules = (
			);
			dependencies = (
			);
			name = SnakeGame;
			productName = SnakeGame;
			productReference = 5AF068101D77654400FA7FEF /* SnakeGame.app */;
			productType = "com.apple.product-type.application";
		};
/* End PBXNativeTarget section */

/* Begin PBXProject section */
		5AF068081D77654400FA7FEF /* Project object */ = {
			isa = PBXProject;
			attributes = {
				LastSwiftUpdateCheck = 0730;
				LastUpgradeCheck = 0730;
				ORGANIZATIONNAME = "Yoorian Shin";
				TargetAttributes = {
					5AF0680F1D77654400FA7FEF = {
						CreatedOnToolsVersion = 7.3.1;
					};
				};
			};
			buildConfigurationList = 5AF0680B1D77654400FA7FEF /* Build configuration list for PBXProject "SnakeGame" */;
			compatibilityVersion = "Xcode 3.2";
			developmentRegion = English;
			hasScannedForEncodings = 0;
			knownRegions = (
				en,
				Base,
			);
			mainGroup = 5AF068071D77654400FA7FEF;
			productRefGroup = 5AF068111D77654400FA7FEF /* Products */;
			projectDirPath = "";
			projectRoot = "";
			targets = (
				5AF0680F1D77654400FA7FEF /* SnakeGame */,
			);
		};
/* End PBXProject section */

/* Begin PBXResourcesBuildPhase section */
		5AF0680E1D77654400FA7FEF /* Resources */ = {
			isa = PBXResourcesBuildPhase;
			buildActionMask = 2147483647;
			files = (
				5AF0681E1D77654400FA7FEF /* LaunchScreen.storyboard in Resources */,
				5AF0681B1D77654400FA7FEF /* Assets.xcassets in Resources */,
				5AF068191D77654400FA7FEF /* Main.storyboard in Resources */,
			);
			runOnlyForDeploymentPostprocessing = 0;
		};
/* End PBXResourcesBuildPhase section */

/* Begin PBXSourcesBuildPhase section */
		5AF0680C1D77654400FA7FEF /* Sources */ = {
			isa = PBXSourcesBuildPhase;
			buildActionMask = 2147483647;
			files = (
				5AF068161D77654400FA7FEF /* MainViewController.swift in Sources */,
				5AF068141D77654400FA7FEF /* AppDelegate.swift in Sources */,
				5AF068261D77660800FA7FEF /* Snake.swift in Sources */,
				5AF068281D77661200FA7FEF /* SnakeView.swift in Sources */,
			);
			runOnlyForDeploymentPostprocessing = 0;
		};
/* End PBXSourcesBuildPhase section */

/* Begin PBXVariantGroup section */
		5AF068171D77654400FA7FEF /* Main.storyboard */ = {
			isa = PBXVariantGroup;
			children = (
				5AF068181D77654400FA7FEF /* Base */,
			);
			name = Main.storyboard;
			sourceTree = "<group>";
		};
		5AF0681C1D77654400FA7FEF /* LaunchScreen.storyboard */ = {
			isa = PBXVariantGroup;
			children = (
				5AF0681D1D77654400FA7FEF /* Base */,
			);
			name = LaunchScreen.storyboard;
			sourceTree = "<group>";
		};
/* End PBXVariantGroup section */

/* Begin XCBuildConfiguration section */
		5AF068201D77654400FA7FEF /* Debug */ = {
			isa = XCBuildConfiguration;
			buildSettings = {
				ALWAYS_SEARCH_USER_PATHS = NO;
				CLANG_ANALYZER_NONNULL = YES;
				CLANG_CXX_LANGUAGE_STANDARD = "gnu++0x";
				CLANG_CXX_LIBRARY = "libc++";
				CLANG_ENABLE_MODULES = YES;
				CLANG_ENABLE_OBJC_ARC = YES;
				CLANG_WARN_BOOL_CONVERSION = YES;
				CLANG_WARN_CONSTANT_CONVERSION = YES;
				CLANG_WARN_DIRECT_OBJC_ISA_USAGE = YES_ERROR;
				CLANG_WARN_EMPTY_BODY = YES;
				CLANG_WARN_ENUM_CONVERSION = YES;
				CLANG_WARN_INT_CONVERSION = YES;
				CLANG_WARN_OBJC_ROOT_CLASS = YES_ERROR;
				CLANG_WARN_UNREACHABLE_CODE = YES;
				CLANG_WARN__DUPLICATE_METHOD_MATCH = YES;
				"CODE_SIGN_IDENTITY[sdk=iphoneos*]" = "iPhone Developer";
				COPY_PHASE_STRIP = NO;
				DEBUG_INFORMATION_FORMAT = dwarf;
				ENABLE_STRICT_OBJC_MSGSEND = YES;
				ENABLE_TESTABILITY = YES;
				GCC_C_LANGUAGE_STANDARD = gnu99;
				GCC_DYNAMIC_NO_PIC = NO;
				GCC_NO_COMMON_BLOCKS = YES;
				GCC_OPTIMIZATION_LEVEL = 0;
				GCC_PREPROCESSOR_DEFINITIONS = (
					"DEBUG=1",
					"$(inherited)",
				);
				GCC_WARN_64_TO_32_BIT_CONVERSION = YES;
				GCC_WARN_ABOUT_RETURN_TYPE = YES_ERROR;
				GCC_WARN_UNDECLARED_SELECTOR = YES;
				GCC_WARN_UNINITIALIZED_AUTOS = YES_AGGRESSIVE;
				GCC_WARN_UNUSED_FUNCTION = YES;
				GCC_WARN_UNUSED_VARIABLE = YES;
				IPHONEOS_DEPLOYMENT_TARGET = 9.3;
				MTL_ENABLE_DEBUG_INFO = YES;
				ONLY_ACTIVE_ARCH = YES;
				SDKROOT = iphoneos;
				SWIFT_OPTIMIZATION_LEVEL = "-Onone";
				TARGETED_DEVICE_FAMILY = "1,2";
			};
			name = Debug;
		};
		5AF068211D77654400FA7FEF /* Release */ = {
			isa = XCBuildConfiguration;
			buildSettings = {
				ALWAYS_SEARCH_USER_PATHS = NO;
				CLANG_ANALYZER_NONNULL = YES;
				CLANG_CXX_LANGUAGE_STANDARD = "gnu++0x";
				CLANG_CXX_LIBRARY = "libc++";
				CLANG_ENABLE_MODULES = YES;
				CLANG_ENABLE_OBJC_ARC = YES;
				CLANG_WARN_BOOL_CONVERSION = YES;
				CLANG_WARN_CONSTANT_CONVERSION = YES;
				CLANG_WARN_DIRECT_OBJC_ISA_USAGE = YES_ERROR;
				CLANG_WARN_EMPTY_BODY = YES;
				CLANG_WARN_ENUM_CONVERSION = YES;
				CLANG_WARN_INT_CONVERSION = YES;
				CLANG_WARN_OBJC_ROOT_CLASS = YES_ERROR;
				CLANG_WARN_UNREACHABLE_CODE = YES;
				CLANG_WARN__DUPLICATE_METHOD_MATCH = YES;
				"CODE_SIGN_IDENTITY[sdk=iphoneos*]" = "iPhone Developer";
				COPY_PHASE_STRIP = NO;
				DEBUG_INFORMATION_FORMAT = "dwarf-with-dsym";
				ENABLE_NS_ASSERTIONS = NO;
				ENABLE_STRICT_OBJC_MSGSEND = YES;
				GCC_C_LANGUAGE_STANDARD = gnu99;
				GCC_NO_COMMON_BLOCKS = YES;
				GCC_WARN_64_TO_32_BIT_CONVERSION = YES;
				GCC_WARN_ABOUT_RETURN_TYPE = YES_ERROR;
				GCC_WARN_UNDECLARED_SELECTOR = YES;
				GCC_WARN_UNINITIALIZED_AUTOS = YES_AGGRESSIVE;
				GCC_WARN_UNUSED_FUNCTION = YES;
				GCC_WARN_UNUSED_VARIABLE = YES;
				IPHONEOS_DEPLOYMENT_TARGET = 9.3;
				MTL_ENABLE_DEBUG_INFO = NO;
				SDKROOT = iphoneos;
				TARGETED_DEVICE_FAMILY = "1,2";
				VALIDATE_PRODUCT = YES;
			};
			name = Release;
		};
		5AF068231D77654400FA7FEF /* Debug */ = {
			isa = XCBuildConfiguration;
			buildSettings = {
				ASSETCATALOG_COMPILER_APPICON_NAME = AppIcon;
				INFOPLIST_FILE = SnakeGame/Info.plist;
				LD_RUNPATH_SEARCH_PATHS = "$(inherited) @executable_path/Frameworks";
				PRODUCT_BUNDLE_IDENTIFIER = yoorian.com.SnakeGame;
				PRODUCT_NAME = "$(TARGET_NAME)";
			};
			name = Debug;
		};
		5AF068241D77654400FA7FEF /* Release */ = {
			isa = XCBuildConfiguration;
			buildSettings = {
				ASSETCATALOG_COMPILER_APPICON_NAME = AppIcon;
				INFOPLIST_FILE = SnakeGame/Info.plist;
				LD_RUNPATH_SEARCH_PATHS = "$(inherited) @executable_path/Frameworks";
				PRODUCT_BUNDLE_IDENTIFIER = yoorian.com.SnakeGame;
				PRODUCT_NAME = "$(TARGET_NAME)";
			};
			name = Release;
		};
/* End XCBuildConfiguration section */

/* Begin XCConfigurationList section */
		5AF0680B1D77654400FA7FEF /* Build configuration list for PBXProject "SnakeGame" */ = {
			isa = XCConfigurationList;
			buildConfigurations = (
				5AF068201D77654400FA7FEF /* Debug */,
				5AF068211D77654400FA7FEF /* Release */,
			);
			defaultConfigurationIsVisible = 0;
			defaultConfigurationName = Release;
		};
		5AF068221D77654400FA7FEF /* Build configuration list for PBXNativeTarget "SnakeGame" */ = {
			isa = XCConfigurationList;
			buildConfigurations = (
				5AF068231D77654400FA7FEF /* Debug */,
				5AF068241D77654400FA7FEF /* Release */,
			);
			defaultConfigurationIsVisible = 0;
		};
/* End XCConfigurationList section */
	};
	rootObject = 5AF068081D77654400FA7FEF /* Project object */;
}
